
Microsoft Visual Studio Solution File, Format Version 12.00
# Visual Studio Version 16
VisualStudioVersion = 16.0.29418.71
MinimumVisualStudioVersion = 10.0.40219.1
Project("{9A19103F-16F7-4668-BE54-9A1E7A4F7556}") = "Programa", "Programa.csproj", "{084DDA8E-40DC-4D5D-A76A-227A3C5DDFE3}"
EndProject
Global
	GlobalSection(SolutionConfigurationPlatforms) = preSolution
		Debug|Any CPU = Debug|Any CPU
		Release|Any CPU = Release|Any CPU
	EndGlobalSection
	GlobalSection(ProjectConfigurationPlatforms) = postSolution
		{084DDA8E-40DC-4D5D-A76A-227A3C5DDFE3}.Debug|Any CPU.ActiveCfg = Debug|Any CPU
		{084DDA8E-40DC-4D5D-A76A-227A3C5DDFE3}.Debug|Any CPU.Build.0 = Debug|Any CPU
		{084DDA8E-40DC-4D5D-A76A-227A3C5DDFE3}.Release|Any CPU.ActiveCfg = Release|Any CPU
		{084DDA8E-40DC-4D5D-A76A-227A3C5DDFE3}.Release|Any CPU.Build.0 = Release|Any CPU
	EndGlobalSection
	GlobalSection(SolutionProperties) = preSolution
		HideSolutionNode = FALSE
	EndGlobalSection
	GlobalSection(ExtensibilityGlobals) = postSolution
		SolutionGuid = {0FCCE30C-8A76-45E7-991E-599AFBC02192}
	EndGlobalSection
EndGlobal
